
Microsoft Visual Studio Solution File, Format Version 12.00
# Visual Studio 15
VisualStudioVersion = 15.0.28307.136
MinimumVisualStudioVersion = 10.0.40219.1
Project("{9A19103F-16F7-4668-BE54-9A1E7A4F7556}") = "FunApp.Web", "FunApp.Web\FunApp.Web.csproj", "{79BE919E-9451-4C96-AC54-B26E6B460525}"
EndProject
Project("{9A19103F-16F7-4668-BE54-9A1E7A4F7556}") = "FunApp.Data", "FunApp.Data\FunApp.Data.csproj", "{A5E8361B-977A-40F4-AD87-6D407DA4CF66}"
EndProject
Project("{9A19103F-16F7-4668-BE54-9A1E7A4F7556}") = "FunApp.Models", "FunApp.Models\FunApp.Models.csproj", "{D75A267D-ECD7-401B-AC1F-91ECAEDAB9E6}"
EndProject
Project("{2150E333-8FDC-42A3-9474-1A3956D46DE8}") = "Tests", "Tests", "{3D30FC31-470D-4AE7-8204-24CB78DABBFD}"
EndProject
Project("{FAE04EC0-301F-11D3-BF4B-00C04F79EFBC}") = "SandBox", "Tests\SandBox\SandBox.csproj", "{7C1A86D3-D985-498B-9443-0C51EB7D010D}"
EndProject
Global
	GlobalSection(SolutionConfigurationPlatforms) = preSolution
		Debug|Any CPU = Debug|Any CPU
		Release|Any CPU = Release|Any CPU
	EndGlobalSection
	GlobalSection(ProjectConfigurationPlatforms) = postSolution
		{79BE919E-9451-4C96-AC54-B26E6B460525}.Debug|Any CPU.ActiveCfg = Debug|Any CPU
		{79BE919E-9451-4C96-AC54-B26E6B460525}.Debug|Any CPU.Build.0 = Debug|Any CPU
		{79BE919E-9451-4C96-AC54-B26E6B460525}.Release|Any CPU.ActiveCfg = Release|Any CPU
		{79BE919E-9451-4C96-AC54-B26E6B460525}.Release|Any CPU.Build.0 = Release|Any CPU
		{A5E8361B-977A-40F4-AD87-6D407DA4CF66}.Debug|Any CPU.ActiveCfg = Debug|Any CPU
		{A5E8361B-977A-40F4-AD87-6D407DA4CF66}.Debug|Any CPU.Build.0 = Debug|Any CPU
		{A5E8361B-977A-40F4-AD87-6D407DA4CF66}.Release|Any CPU.ActiveCfg = Release|Any CPU
		{A5E8361B-977A-40F4-AD87-6D407DA4CF66}.Release|Any CPU.Build.0 = Release|Any CPU
		{D75A267D-ECD7-401B-AC1F-91ECAEDAB9E6}.Debug|Any CPU.ActiveCfg = Debug|Any CPU
		{D75A267D-ECD7-401B-AC1F-91ECAEDAB9E6}.Debug|Any CPU.Build.0 = Debug|Any CPU
		{D75A267D-ECD7-401B-AC1F-91ECAEDAB9E6}.Release|Any CPU.ActiveCfg = Release|Any CPU
		{D75A267D-ECD7-401B-AC1F-91ECAEDAB9E6}.Release|Any CPU.Build.0 = Release|Any CPU
		{7C1A86D3-D985-498B-9443-0C51EB7D010D}.Debug|Any CPU.ActiveCfg = Debug|Any CPU
		{7C1A86D3-D985-498B-9443-0C51EB7D010D}.Debug|Any CPU.Build.0 = Debug|Any CPU
		{7C1A86D3-D985-498B-9443-0C51EB7D010D}.Release|Any CPU.ActiveCfg = Release|Any CPU
		{7C1A86D3-D985-498B-9443-0C51EB7D010D}.Release|Any CPU.Build.0 = Release|Any CPU
	EndGlobalSection
	GlobalSection(SolutionProperties) = preSolution
		HideSolutionNode = FALSE
	EndGlobalSection
	GlobalSection(NestedProjects) = preSolution
		{7C1A86D3-D985-498B-9443-0C51EB7D010D} = {3D30FC31-470D-4AE7-8204-24CB78DABBFD}
	EndGlobalSection
	GlobalSection(ExtensibilityGlobals) = postSolution
		SolutionGuid = {1C1A1762-4631-4B1C-AD02-400AE3584AF3}
	EndGlobalSection
EndGlobal
